
Microsoft Visual Studio Solution File, Format Version 12.00
# Visual Studio 14
VisualStudioVersion = 14.0.23107.0
MinimumVisualStudioVersion = 10.0.40219.1
Project("{FAE04EC0-301F-11D3-BF4B-00C04F79EFBC}") = "RegexUI", "RegexUI.csproj", "{1A13F0D4-BF30-4C3B-B858-9377A3848B07}"
EndProject
Global
	GlobalSection(SolutionConfigurationPlatforms) = preSolution
		Debug|Any CPU = Debug|Any CPU
		Release|Any CPU = Release|Any CPU
	EndGlobalSection
	GlobalSection(ProjectConfigurationPlatforms) = postSolution
		{1A13F0D4-BF30-4C3B-B858-9377A3848B07}.Debug|Any CPU.ActiveCfg = Debug|Any CPU
		{1A13F0D4-BF30-4C3B-B858-9377A3848B07}.Debug|Any CPU.Build.0 = Debug|Any CPU
		{1A13F0D4-BF30-4C3B-B858-9377A3848B07}.Release|Any CPU.ActiveCfg = Release|Any CPU
		{1A13F0D4-BF30-4C3B-B858-9377A3848B07}.Release|Any CPU.Build.0 = Release|Any CPU
	EndGlobalSection
	GlobalSection(SolutionProperties) = preSolution
		HideSolutionNode = FALSE
	EndGlobalSection
EndGlobal
