
Microsoft Visual Studio Solution File, Format Version 10.00
# Visual Studio 2008
Project("{FAE04EC0-301F-11D3-BF4B-00C04F79EFBC}") = "SPSiteList", "SPSiteList\SPSiteList.csproj", "{001B6E33-E262-4248-8BAD-8F968DD80CBD}"
EndProject
Global
	GlobalSection(SolutionConfigurationPlatforms) = preSolution
		Debug|Any CPU = Debug|Any CPU
		Release|Any CPU = Release|Any CPU
	EndGlobalSection
	GlobalSection(ProjectConfigurationPlatforms) = postSolution
		{001B6E33-E262-4248-8BAD-8F968DD80CBD}.Debug|Any CPU.ActiveCfg = Debug|Any CPU
		{001B6E33-E262-4248-8BAD-8F968DD80CBD}.Debug|Any CPU.Build.0 = Debug|Any CPU
		{001B6E33-E262-4248-8BAD-8F968DD80CBD}.Release|Any CPU.ActiveCfg = Release|Any CPU
		{001B6E33-E262-4248-8BAD-8F968DD80CBD}.Release|Any CPU.Build.0 = Release|Any CPU
	EndGlobalSection
	GlobalSection(SolutionProperties) = preSolution
		HideSolutionNode = FALSE
	EndGlobalSection
EndGlobal
