
Microsoft Visual Studio Solution File, Format Version 12.00
# Visual Studio 14
VisualStudioVersion = 14.0.23107.0
MinimumVisualStudioVersion = 10.0.40219.1
Project("{FAE04EC0-301F-11D3-BF4B-00C04F79EFBC}") = "SortableListView", "SortableListView\SortableListView.csproj", "{AEC8A406-7BC1-4944-9B54-4F9BFE4DA00F}"
EndProject
Global
	GlobalSection(SolutionConfigurationPlatforms) = preSolution
		Debug|Any CPU = Debug|Any CPU
		Release|Any CPU = Release|Any CPU
	EndGlobalSection
	GlobalSection(ProjectConfigurationPlatforms) = postSolution
		{AEC8A406-7BC1-4944-9B54-4F9BFE4DA00F}.Debug|Any CPU.ActiveCfg = Debug|Any CPU
		{AEC8A406-7BC1-4944-9B54-4F9BFE4DA00F}.Debug|Any CPU.Build.0 = Debug|Any CPU
		{AEC8A406-7BC1-4944-9B54-4F9BFE4DA00F}.Release|Any CPU.ActiveCfg = Release|Any CPU
		{AEC8A406-7BC1-4944-9B54-4F9BFE4DA00F}.Release|Any CPU.Build.0 = Release|Any CPU
	EndGlobalSection
	GlobalSection(SolutionProperties) = preSolution
		HideSolutionNode = FALSE
	EndGlobalSection
EndGlobal
